
Microsoft Visual Studio Solution File, Format Version 12.00
# Visual Studio Version 17
VisualStudioVersion = 17.9.34607.119
MinimumVisualStudioVersion = 10.0.40219.1
Project("{FAE04EC0-301F-11D3-BF4B-00C04F79EFBC}") = "Zalando", "Zalando.csproj", "{62F6B7D8-A7E4-4387-BE22-5AF00119F07A}"
EndProject
Global
	GlobalSection(SolutionConfigurationPlatforms) = preSolution
		Debug|Any CPU = Debug|Any CPU
		Release|Any CPU = Release|Any CPU
	EndGlobalSection
	GlobalSection(ProjectConfigurationPlatforms) = postSolution
		{62F6B7D8-A7E4-4387-BE22-5AF00119F07A}.Debug|Any CPU.ActiveCfg = Debug|Any CPU
		{62F6B7D8-A7E4-4387-BE22-5AF00119F07A}.Debug|Any CPU.Build.0 = Debug|Any CPU
		{62F6B7D8-A7E4-4387-BE22-5AF00119F07A}.Release|Any CPU.ActiveCfg = Release|Any CPU
		{62F6B7D8-A7E4-4387-BE22-5AF00119F07A}.Release|Any CPU.Build.0 = Release|Any CPU
	EndGlobalSection
	GlobalSection(SolutionProperties) = preSolution
		HideSolutionNode = FALSE
	EndGlobalSection
	GlobalSection(ExtensibilityGlobals) = postSolution
		SolutionGuid = {99446FE1-C7E6-4F5C-BA07-6E34998C7833}
	EndGlobalSection
EndGlobal
